
Microsoft Visual Studio Solution File, Format Version 12.00
# Visual Studio Version 17
VisualStudioVersion = 17.13.35919.96
MinimumVisualStudioVersion = 10.0.40219.1
Project("{FAE04EC0-301F-11D3-BF4B-00C04F79EFBC}") = "com.devops", "com.devops\com.devops.csproj", "{008044A5-7B39-4BC6-BC0D-1EE4D650C9BE}"
EndProject
Project("{FAE04EC0-301F-11D3-BF4B-00C04F79EFBC}") = "com.devops.persistencia", "com.devops.persistencia\com.devops.persistencia.csproj", "{871F20B8-873E-180C-A2FF-99C847D82251}"
EndProject
Project("{FAE04EC0-301F-11D3-BF4B-00C04F79EFBC}") = "com.devops.Tests", "com.devops.Tests\com.devops.Tests.csproj", "{B61830E7-105C-14BF-07E3-400F46376694}"
EndProject
Project("{FAE04EC0-301F-11D3-BF4B-00C04F79EFBC}") = "com.devops.modelos", "com.devops.modelos\com.devops.modelos.csproj", "{C94C0621-993D-4D82-8E06-CAB74AB261DE}"
EndProject
Global
	GlobalSection(SolutionConfigurationPlatforms) = preSolution
		Debug|Any CPU = Debug|Any CPU
		Release|Any CPU = Release|Any CPU
	EndGlobalSection
	GlobalSection(ProjectConfigurationPlatforms) = postSolution
		{008044A5-7B39-4BC6-BC0D-1EE4D650C9BE}.Debug|Any CPU.ActiveCfg = Debug|Any CPU
		{008044A5-7B39-4BC6-BC0D-1EE4D650C9BE}.Debug|Any CPU.Build.0 = Debug|Any CPU
		{008044A5-7B39-4BC6-BC0D-1EE4D650C9BE}.Release|Any CPU.ActiveCfg = Release|Any CPU
		{008044A5-7B39-4BC6-BC0D-1EE4D650C9BE}.Release|Any CPU.Build.0 = Release|Any CPU
		{871F20B8-873E-180C-A2FF-99C847D82251}.Debug|Any CPU.ActiveCfg = Debug|Any CPU
		{871F20B8-873E-180C-A2FF-99C847D82251}.Debug|Any CPU.Build.0 = Debug|Any CPU
		{871F20B8-873E-180C-A2FF-99C847D82251}.Release|Any CPU.ActiveCfg = Release|Any CPU
		{871F20B8-873E-180C-A2FF-99C847D82251}.Release|Any CPU.Build.0 = Release|Any CPU
		{B61830E7-105C-14BF-07E3-400F46376694}.Debug|Any CPU.ActiveCfg = Debug|Any CPU
		{B61830E7-105C-14BF-07E3-400F46376694}.Debug|Any CPU.Build.0 = Debug|Any CPU
		{B61830E7-105C-14BF-07E3-400F46376694}.Release|Any CPU.ActiveCfg = Release|Any CPU
		{B61830E7-105C-14BF-07E3-400F46376694}.Release|Any CPU.Build.0 = Release|Any CPU
		{C94C0621-993D-4D82-8E06-CAB74AB261DE}.Debug|Any CPU.ActiveCfg = Debug|Any CPU
		{C94C0621-993D-4D82-8E06-CAB74AB261DE}.Debug|Any CPU.Build.0 = Debug|Any CPU
		{C94C0621-993D-4D82-8E06-CAB74AB261DE}.Release|Any CPU.ActiveCfg = Release|Any CPU
		{C94C0621-993D-4D82-8E06-CAB74AB261DE}.Release|Any CPU.Build.0 = Release|Any CPU
	EndGlobalSection
	GlobalSection(SolutionProperties) = preSolution
		HideSolutionNode = FALSE
	EndGlobalSection
	GlobalSection(ExtensibilityGlobals) = postSolution
		SolutionGuid = {24A648F2-E6A0-40AE-8900-10D3FC7C4C75}
	EndGlobalSection
EndGlobal
